
Microsoft Visual Studio Solution File, Format Version 12.00
Project("{FAE04EC0-301F-11D3-BF4B-00C04F79EFBC}") = "WFM.SmokeTests.WebApp", "WFM.SmokeTests.WebApp\WFM.SmokeTests.WebApp.csproj", "{3605242C-CCCF-4E8D-882A-8E07E2C75958}"
EndProject
Project("{FAE04EC0-301F-11D3-BF4B-00C04F79EFBC}") = "WFM.Infrastructure.IdentityServer", "WFM.Infrastructure.Identity\WFM.Infrastructure.IdentityServer\WFM.Infrastructure.IdentityServer.csproj", "{0548DE4F-D346-4DFA-A09A-801578D7E02D}"
EndProject
Global
	GlobalSection(SolutionConfigurationPlatforms) = preSolution
		Debug|Any CPU = Debug|Any CPU
		Release|Any CPU = Release|Any CPU
	EndGlobalSection
	GlobalSection(ProjectConfigurationPlatforms) = postSolution
		{3605242C-CCCF-4E8D-882A-8E07E2C75958}.Debug|Any CPU.ActiveCfg = Debug|Any CPU
		{3605242C-CCCF-4E8D-882A-8E07E2C75958}.Debug|Any CPU.Build.0 = Debug|Any CPU
		{3605242C-CCCF-4E8D-882A-8E07E2C75958}.Release|Any CPU.ActiveCfg = Release|Any CPU
		{3605242C-CCCF-4E8D-882A-8E07E2C75958}.Release|Any CPU.Build.0 = Release|Any CPU
		{0548DE4F-D346-4DFA-A09A-801578D7E02D}.Debug|Any CPU.ActiveCfg = Debug|Any CPU
		{0548DE4F-D346-4DFA-A09A-801578D7E02D}.Debug|Any CPU.Build.0 = Debug|Any CPU
		{0548DE4F-D346-4DFA-A09A-801578D7E02D}.Release|Any CPU.ActiveCfg = Release|Any CPU
		{0548DE4F-D346-4DFA-A09A-801578D7E02D}.Release|Any CPU.Build.0 = Release|Any CPU
	EndGlobalSection
EndGlobal
